// !$*UTF8*$!
{
	archiveVersion = 1;
	classes = {
	};
	objectVersion = 48;
	objects = {

/* Begin PBXBuildFile section */
		8B69555D1FA84F8000AA99D1 /* AppDelegate.swift in Sources */ = {isa = PBXBuildFile; fileRef = 8B69555C1FA84F8000AA99D1 /* AppDelegate.swift */; };
		8B69555F1FA84F8000AA99D1 /* ViewController.swift in Sources */ = {isa = PBXBuildFile; fileRef = 8B69555E1FA84F8000AA99D1 /* ViewController.swift */; };
		8B6955621FA84F8000AA99D1 /* Main.storyboard in Resources */ = {isa = PBXBuildFile; fileRef = 8B6955601FA84F8000AA99D1 /* Main.storyboard */; };
		8B6955641FA84F8000AA99D1 /* Assets.xcassets in Resources */ = {isa = PBXBuildFile; fileRef = 8B6955631FA84F8000AA99D1 /* Assets.xcassets */; };
		8B6955671FA84F8000AA99D1 /* LaunchScreen.storyboard in Resources */ = {isa = PBXBuildFile; fileRef = 8B6955651FA84F8000AA99D1 /* LaunchScreen.storyboard */; };
		8B6955781FA84FA100AA99D1 /* LYAutoClockView.swift in Sources */ = {isa = PBXBuildFile; fileRef = 8B6955701FA84FA000AA99D1 /* LYAutoClockView.swift */; };
		8B6955791FA84FA100AA99D1 /* LYAutoDayCell.swift in Sources */ = {isa = PBXBuildFile; fileRef = 8B6955711FA84FA000AA99D1 /* LYAutoDayCell.swift */; };
		8B69557A1FA84FA100AA99D1 /* LYAutoDateView.swift in Sources */ = {isa = PBXBuildFile; fileRef = 8B6955721FA84FA000AA99D1 /* LYAutoDateView.swift */; };
		8B69557B1FA84FA100AA99D1 /* LYAutoDatepickController.swift in Sources */ = {isa = PBXBuildFile; fileRef = 8B6955731FA84FA000AA99D1 /* LYAutoDatepickController.swift */; };
		8B69557C1FA84FA100AA99D1 /* LYAutoDatepickers.swift in Sources */ = {isa = PBXBuildFile; fileRef = 8B6955741FA84FA000AA99D1 /* LYAutoDatepickers.swift */; };
		8B69557D1FA84FA100AA99D1 /* LYAutoTimeView.swift in Sources */ = {isa = PBXBuildFile; fileRef = 8B6955751FA84FA000AA99D1 /* LYAutoTimeView.swift */; };
		8B69557E1FA84FA100AA99D1 /* LYAutoMonthHeader.swift in Sources */ = {isa = PBXBuildFile; fileRef = 8B6955761FA84FA000AA99D1 /* LYAutoMonthHeader.swift */; };
		8B69557F1FA84FA100AA99D1 /* LYAutoDatepickersExtensions.swift in Sources */ = {isa = PBXBuildFile; fileRef = 8B6955771FA84FA000AA99D1 /* LYAutoDatepickersExtensions.swift */; };
/* End PBXBuildFile section */

/* Begin PBXFileReference section */
		8B6955591FA84F8000AA99D1 /* LYAutoDatepickers.app */ = {isa = PBXFileReference; explicitFileType = wrapper.application; includeInIndex = 0; path = LYAutoDatepickers.app; sourceTree = BUILT_PRODUCTS_DIR; };
		8B69555C1FA84F8000AA99D1 /* AppDelegate.swift */ = {isa = PBXFileReference; lastKnownFileType = sourcecode.swift; path = AppDelegate.swift; sourceTree = "<group>"; };
		8B69555E1FA84F8000AA99D1 /* ViewController.swift */ = {isa = PBXFileReference; lastKnownFileType = sourcecode.swift; path = ViewController.swift; sourceTree = "<group>"; };
		8B6955611FA84F8000AA99D1 /* Base */ = {isa = PBXFileReference; lastKnownFileType = file.storyboard; name = Base; path = Base.lproj/Main.storyboard; sourceTree = "<group>"; };
		8B6955631FA84F8000AA99D1 /* Assets.xcassets */ = {isa = PBXFileReference; lastKnownFileType = folder.assetcatalog; path = Assets.xcassets; sourceTree = "<group>"; };
		8B6955661FA84F8000AA99D1 /* Base */ = {isa = PBXFileReference; lastKnownFileType = file.storyboard; name = Base; path = Base.lproj/LaunchScreen.storyboard; sourceTree = "<group>"; };
		8B6955681FA84F8000AA99D1 /* Info.plist */ = {isa = PBXFileReference; lastKnownFileType = text.plist.xml; path = Info.plist; sourceTree = "<group>"; };
		8B6955701FA84FA000AA99D1 /* LYAutoClockView.swift */ = {isa = PBXFileReference; fileEncoding = 4; lastKnownFileType = sourcecode.swift; path = LYAutoClockView.swift; sourceTree = "<group>"; };
		8B6955711FA84FA000AA99D1 /* LYAutoDayCell.swift */ = {isa = PBXFileReference; fileEncoding = 4; lastKnownFileType = sourcecode.swift; path = LYAutoDayCell.swift; sourceTree = "<group>"; };
		8B6955721FA84FA000AA99D1 /* LYAutoDateView.swift */ = {isa = PBXFileReference; fileEncoding = 4; lastKnownFileType = sourcecode.swift; path = LYAutoDateView.swift; sourceTree = "<group>"; };
		8B6955731FA84FA000AA99D1 /* LYAutoDatepickController.swift */ = {isa = PBXFileReference; fileEncoding = 4; lastKnownFileType = sourcecode.swift; path = LYAutoDatepickController.swift; sourceTree = "<group>"; };
		8B6955741FA84FA000AA99D1 /* LYAutoDatepickers.swift */ = {isa = PBXFileReference; fileEncoding = 4; lastKnownFileType = sourcecode.swift; path = LYAutoDatepickers.swift; sourceTree = "<group>"; };
		8B6955751FA84FA000AA99D1 /* LYAutoTimeView.swift */ = {isa = PBXFileReference; fileEncoding = 4; lastKnownFileType = sourcecode.swift; path = LYAutoTimeView.swift; sourceTree = "<group>"; };
		8B6955761FA84FA000AA99D1 /* LYAutoMonthHeader.swift */ = {isa = PBXFileReference; fileEncoding = 4; lastKnownFileType = sourcecode.swift; path = LYAutoMonthHeader.swift; sourceTree = "<group>"; };
		8B6955771FA84FA000AA99D1 /* LYAutoDatepickersExtensions.swift */ = {isa = PBXFileReference; fileEncoding = 4; lastKnownFileType = sourcecode.swift; path = LYAutoDatepickersExtensions.swift; sourceTree = "<group>"; };
/* End PBXFileReference section */

/* Begin PBXFrameworksBuildPhase section */
		8B6955561FA84F8000AA99D1 /* Frameworks */ = {
			isa = PBXFrameworksBuildPhase;
			buildActionMask = 2147483647;
			files = (
			);
			runOnlyForDeploymentPostprocessing = 0;
		};
/* End PBXFrameworksBuildPhase section */

/* Begin PBXGroup section */
		8B6955501FA84F8000AA99D1 = {
			isa = PBXGroup;
			children = (
				8B69556E1FA84FA000AA99D1 /* Classes */,
				8B69555B1FA84F8000AA99D1 /* LYAutoDatepickers */,
				8B69555A1FA84F8000AA99D1 /* Products */,
			);
			sourceTree = "<group>";
		};
		8B69555A1FA84F8000AA99D1 /* Products */ = {
			isa = PBXGroup;
			children = (
				8B6955591FA84F8000AA99D1 /* LYAutoDatepickers.app */,
			);
			name = Products;
			sourceTree = "<group>";
		};
		8B69555B1FA84F8000AA99D1 /* LYAutoDatepickers */ = {
			isa = PBXGroup;
			children = (
				8B69555C1FA84F8000AA99D1 /* AppDelegate.swift */,
				8B69555E1FA84F8000AA99D1 /* ViewController.swift */,
				8B6955601FA84F8000AA99D1 /* Main.storyboard */,
				8B6955631FA84F8000AA99D1 /* Assets.xcassets */,
				8B6955651FA84F8000AA99D1 /* LaunchScreen.storyboard */,
				8B6955681FA84F8000AA99D1 /* Info.plist */,
			);
			path = LYAutoDatepickers;
			sourceTree = "<group>";
		};
		8B69556E1FA84FA000AA99D1 /* Classes */ = {
			isa = PBXGroup;
			children = (
				8B69556F1FA84FA000AA99D1 /* Classes */,
			);
			name = Classes;
			path = ../Classes;
			sourceTree = "<group>";
		};
		8B69556F1FA84FA000AA99D1 /* Classes */ = {
			isa = PBXGroup;
			children = (
				8B6955771FA84FA000AA99D1 /* LYAutoDatepickersExtensions.swift */,
				8B6955741FA84FA000AA99D1 /* LYAutoDatepickers.swift */,
				8B6955731FA84FA000AA99D1 /* LYAutoDatepickController.swift */,
				8B6955721FA84FA000AA99D1 /* LYAutoDateView.swift */,
				8B6955711FA84FA000AA99D1 /* LYAutoDayCell.swift */,
				8B6955761FA84FA000AA99D1 /* LYAutoMonthHeader.swift */,
				8B6955751FA84FA000AA99D1 /* LYAutoTimeView.swift */,
				8B6955701FA84FA000AA99D1 /* LYAutoClockView.swift */,
			);
			path = Classes;
			sourceTree = "<group>";
		};
/* End PBXGroup section */

/* Begin PBXNativeTarget section */
		8B6955581FA84F8000AA99D1 /* LYAutoDatepickers */ = {
			isa = PBXNativeTarget;
			buildConfigurationList = 8B69556B1FA84F8000AA99D1 /* Build configuration list for PBXNativeTarget "LYAutoDatepickers" */;
			buildPhases = (
				8B6955551FA84F8000AA99D1 /* Sources */,
				8B6955561FA84F8000AA99D1 /* Frameworks */,
				8B6955571FA84F8000AA99D1 /* Resources */,
			);
			buildRules = (
			);
			dependencies = (
			);
			name = LYAutoDatepickers;
			productName = LYAutoDatepickers;
			productReference = 8B6955591FA84F8000AA99D1 /* LYAutoDatepickers.app */;
			productType = "com.apple.product-type.application";
		};
/* End PBXNativeTarget section */

/* Begin PBXProject section */
		8B6955511FA84F8000AA99D1 /* Project object */ = {
			isa = PBXProject;
			attributes = {
				LastSwiftUpdateCheck = 0900;
				LastUpgradeCheck = 0900;
				ORGANIZATIONNAME = lyning;
				TargetAttributes = {
					8B6955581FA84F8000AA99D1 = {
						CreatedOnToolsVersion = 9.0.1;
						ProvisioningStyle = Manual;
					};
				};
			};
			buildConfigurationList = 8B6955541FA84F8000AA99D1 /* Build configuration list for PBXProject "LYAutoDatepickers" */;
			compatibilityVersion = "Xcode 8.0";
			developmentRegion = en;
			hasScannedForEncodings = 0;
			knownRegions = (
				en,
				Base,
			);
			mainGroup = 8B6955501FA84F8000AA99D1;
			productRefGroup = 8B69555A1FA84F8000AA99D1 /* Products */;
			projectDirPath = "";
			projectRoot = "";
			targets = (
				8B6955581FA84F8000AA99D1 /* LYAutoDatepickers */,
			);
		};
/* End PBXProject section */

/* Begin PBXResourcesBuildPhase section */
		8B6955571FA84F8000AA99D1 /* Resources */ = {
			isa = PBXResourcesBuildPhase;
			buildActionMask = 2147483647;
			files = (
				8B6955671FA84F8000AA99D1 /* LaunchScreen.storyboard in Resources */,
				8B6955641FA84F8000AA99D1 /* Assets.xcassets in Resources */,
				8B6955621FA84F8000AA99D1 /* Main.storyboard in Resources */,
			);
			runOnlyForDeploymentPostprocessing = 0;
		};
/* End PBXResourcesBuildPhase section */

/* Begin PBXSourcesBuildPhase section */
		8B6955551FA84F8000AA99D1 /* Sources */ = {
			isa = PBXSourcesBuildPhase;
			buildActionMask = 2147483647;
			files = (
				8B69557A1FA84FA100AA99D1 /* LYAutoDateView.swift in Sources */,
				8B69557F1FA84FA100AA99D1 /* LYAutoDatepickersExtensions.swift in Sources */,
				8B69555F1FA84F8000AA99D1 /* ViewController.swift in Sources */,
				8B69557B1FA84FA100AA99D1 /* LYAutoDatepickController.swift in Sources */,
				8B6955781FA84FA100AA99D1 /* LYAutoClockView.swift in Sources */,
				8B6955791FA84FA100AA99D1 /* LYAutoDayCell.swift in Sources */,
				8B69557E1FA84FA100AA99D1 /* LYAutoMonthHeader.swift in Sources */,
				8B69557C1FA84FA100AA99D1 /* LYAutoDatepickers.swift in Sources */,
				8B69555D1FA84F8000AA99D1 /* AppDelegate.swift in Sources */,
				8B69557D1FA84FA100AA99D1 /* LYAutoTimeView.swift in Sources */,
			);
			runOnlyForDeploymentPostprocessing = 0;
		};
/* End PBXSourcesBuildPhase section */

/* Begin PBXVariantGroup section */
		8B6955601FA84F8000AA99D1 /* Main.storyboard */ = {
			isa = PBXVariantGroup;
			children = (
				8B6955611FA84F8000AA99D1 /* Base */,
			);
			name = Main.storyboard;
			sourceTree = "<group>";
		};
		8B6955651FA84F8000AA99D1 /* LaunchScreen.storyboard */ = {
			isa = PBXVariantGroup;
			children = (
				8B6955661FA84F8000AA99D1 /* Base */,
			);
			name = LaunchScreen.storyboard;
			sourceTree = "<group>";
		};
/* End PBXVariantGroup section */

/* Begin XCBuildConfiguration section */
		8B6955691FA84F8000AA99D1 /* Debug */ = {
			isa = XCBuildConfiguration;
			buildSettings = {
				ALWAYS_SEARCH_USER_PATHS = NO;
				CLANG_ANALYZER_NONNULL = YES;
				CLANG_ANALYZER_NUMBER_OBJECT_CONVERSION = YES_AGGRESSIVE;
				CLANG_CXX_LANGUAGE_STANDARD = "gnu++14";
				CLANG_CXX_LIBRARY = "libc++";
				CLANG_ENABLE_MODULES = YES;
				CLANG_ENABLE_OBJC_ARC = YES;
				CLANG_WARN_BLOCK_CAPTURE_AUTORELEASING = YES;
				CLANG_WARN_BOOL_CONVERSION = YES;
				CLANG_WARN_COMMA = YES;
				CLANG_WARN_CONSTANT_CONVERSION = YES;
				CLANG_WARN_DIRECT_OBJC_ISA_USAGE = YES_ERROR;
				CLANG_WARN_DOCUMENTATION_COMMENTS = YES;
				CLANG_WARN_EMPTY_BODY = YES;
				CLANG_WARN_ENUM_CONVERSION = YES;
				CLANG_WARN_INFINITE_RECURSION = YES;
				CLANG_WARN_INT_CONVERSION = YES;
				CLANG_WARN_NON_LITERAL_NULL_CONVERSION = YES;
				CLANG_WARN_OBJC_LITERAL_CONVERSION = YES;
				CLANG_WARN_OBJC_ROOT_CLASS = YES_ERROR;
				CLANG_WARN_RANGE_LOOP_ANALYSIS = YES;
				CLANG_WARN_STRICT_PROTOTYPES = YES;
				CLANG_WARN_SUSPICIOUS_MOVE = YES;
				CLANG_WARN_UNGUARDED_AVAILABILITY = YES_AGGRESSIVE;
				CLANG_WARN_UNREACHABLE_CODE = YES;
				CLANG_WARN__DUPLICATE_METHOD_MATCH = YES;
				CODE_SIGN_IDENTITY = "iPhone Developer";
				COPY_PHASE_STRIP = NO;
				DEBUG_INFORMATION_FORMAT = dwarf;
				ENABLE_STRICT_OBJC_MSGSEND = YES;
				ENABLE_TESTABILITY = YES;
				GCC_C_LANGUAGE_STANDARD = gnu11;
				GCC_DYNAMIC_NO_PIC = NO;
				GCC_NO_COMMON_BLOCKS = YES;
				GCC_OPTIMIZATION_LEVEL = 0;
				GCC_PREPROCESSOR_DEFINITIONS = (
					"DEBUG=1",
					"$(inherited)",
				);
				GCC_WARN_64_TO_32_BIT_CONVERSION = YES;
				GCC_WARN_ABOUT_RETURN_TYPE = YES_ERROR;
				GCC_WARN_UNDECLARED_SELECTOR = YES;
				GCC_WARN_UNINITIALIZED_AUTOS = YES_AGGRESSIVE;
				GCC_WARN_UNUSED_FUNCTION = YES;
				GCC_WARN_UNUSED_VARIABLE = YES;
				IPHONEOS_DEPLOYMENT_TARGET = 11.0;
				MTL_ENABLE_DEBUG_INFO = YES;
				ONLY_ACTIVE_ARCH = YES;
				SDKROOT = iphoneos;
				SWIFT_ACTIVE_COMPILATION_CONDITIONS = DEBUG;
				SWIFT_OPTIMIZATION_LEVEL = "-Onone";
			};
			name = Debug;
		};
		8B69556A1FA84F8000AA99D1 /* Release */ = {
			isa = XCBuildConfiguration;
			buildSettings = {
				ALWAYS_SEARCH_USER_PATHS = NO;
				CLANG_ANALYZER_NONNULL = YES;
				CLANG_ANALYZER_NUMBER_OBJECT_CONVERSION = YES_AGGRESSIVE;
				CLANG_CXX_LANGUAGE_STANDARD = "gnu++14";
				CLANG_CXX_LIBRARY = "libc++";
				CLANG_ENABLE_MODULES = YES;
				CLANG_ENABLE_OBJC_ARC = YES;
				CLANG_WARN_BLOCK_CAPTURE_AUTORELEASING = YES;
				CLANG_WARN_BOOL_CONVERSION = YES;
				CLANG_WARN_COMMA = YES;
				CLANG_WARN_CONSTANT_CONVERSION = YES;
				CLANG_WARN_DIRECT_OBJC_ISA_USAGE = YES_ERROR;
				CLANG_WARN_DOCUMENTATION_COMMENTS = YES;
				CLANG_WARN_EMPTY_BODY = YES;
				CLANG_WARN_ENUM_CONVERSION = YES;
				CLANG_WARN_INFINITE_RECURSION = YES;
				CLANG_WARN_INT_CONVERSION = YES;
				CLANG_WARN_NON_LITERAL_NULL_CONVERSION = YES;
				CLANG_WARN_OBJC_LITERAL_CONVERSION = YES;
				CLANG_WARN_OBJC_ROOT_CLASS = YES_ERROR;
				CLANG_WARN_RANGE_LOOP_ANALYSIS = YES;
				CLANG_WARN_STRICT_PROTOTYPES = YES;
				CLANG_WARN_SUSPICIOUS_MOVE = YES;
				CLANG_WARN_UNGUARDED_AVAILABILITY = YES_AGGRESSIVE;
				CLANG_WARN_UNREACHABLE_CODE = YES;
				CLANG_WARN__DUPLICATE_METHOD_MATCH = YES;
				CODE_SIGN_IDENTITY = "iPhone Developer";
				COPY_PHASE_STRIP = NO;
				DEBUG_INFORMATION_FORMAT = "dwarf-with-dsym";
				ENABLE_NS_ASSERTIONS = NO;
				ENABLE_STRICT_OBJC_MSGSEND = YES;
				GCC_C_LANGUAGE_STANDARD = gnu11;
				GCC_NO_COMMON_BLOCKS = YES;
				GCC_WARN_64_TO_32_BIT_CONVERSION = YES;
				GCC_WARN_ABOUT_RETURN_TYPE = YES_ERROR;
				GCC_WARN_UNDECLARED_SELECTOR = YES;
				GCC_WARN_UNINITIALIZED_AUTOS = YES_AGGRESSIVE;
				GCC_WARN_UNUSED_FUNCTION = YES;
				GCC_WARN_UNUSED_VARIABLE = YES;
				IPHONEOS_DEPLOYMENT_TARGET = 11.0;
				MTL_ENABLE_DEBUG_INFO = NO;
				SDKROOT = iphoneos;
				SWIFT_OPTIMIZATION_LEVEL = "-Owholemodule";
				VALIDATE_PRODUCT = YES;
			};
			name = Release;
		};
		8B69556C1FA84F8000AA99D1 /* Debug */ = {
			isa = XCBuildConfiguration;
			buildSettings = {
				ASSETCATALOG_COMPILER_APPICON_NAME = AppIcon;
				CODE_SIGN_STYLE = Manual;
				DEVELOPMENT_TEAM = 28B5J4N7T8;
				INFOPLIST_FILE = LYAutoDatepickers/Info.plist;
				LD_RUNPATH_SEARCH_PATHS = "$(inherited) @executable_path/Frameworks";
				PRODUCT_BUNDLE_IDENTIFIER = com.czcg.LYAutoDatepickers;
				PRODUCT_NAME = "$(TARGET_NAME)";
				PROVISIONING_PROFILE = "e323d557-b6ba-4bd1-9e66-844716e9dd6e";
				PROVISIONING_PROFILE_SPECIFIER = CaiTuoGeneralCertificate_Dev;
				SWIFT_VERSION = 4.0;
				TARGETED_DEVICE_FAMILY = "1,2";
			};
			name = Debug;
		};
		8B69556D1FA84F8000AA99D1 /* Release */ = {
			isa = XCBuildConfiguration;
			buildSettings = {
				ASSETCATALOG_COMPILER_APPICON_NAME = AppIcon;
				CODE_SIGN_STYLE = Manual;
				DEVELOPMENT_TEAM = 28B5J4N7T8;
				INFOPLIST_FILE = LYAutoDatepickers/Info.plist;
				LD_RUNPATH_SEARCH_PATHS = "$(inherited) @executable_path/Frameworks";
				PRODUCT_BUNDLE_IDENTIFIER = com.czcg.LYAutoDatepickers;
				PRODUCT_NAME = "$(TARGET_NAME)";
				PROVISIONING_PROFILE = "e323d557-b6ba-4bd1-9e66-844716e9dd6e";
				PROVISIONING_PROFILE_SPECIFIER = CaiTuoGeneralCertificate_Dev;
				SWIFT_VERSION = 4.0;
				TARGETED_DEVICE_FAMILY = "1,2";
			};
			name = Release;
		};
/* End XCBuildConfiguration section */

/* Begin XCConfigurationList section */
		8B6955541FA84F8000AA99D1 /* Build configuration list for PBXProject "LYAutoDatepickers" */ = {
			isa = XCConfigurationList;
			buildConfigurations = (
				8B6955691FA84F8000AA99D1 /* Debug */,
				8B69556A1FA84F8000AA99D1 /* Release */,
			);
			defaultConfigurationIsVisible = 0;
			defaultConfigurationName = Release;
		};
		8B69556B1FA84F8000AA99D1 /* Build configuration list for PBXNativeTarget "LYAutoDatepickers" */ = {
			isa = XCConfigurationList;
			buildConfigurations = (
				8B69556C1FA84F8000AA99D1 /* Debug */,
				8B69556D1FA84F8000AA99D1 /* Release */,
			);
			defaultConfigurationIsVisible = 0;
			defaultConfigurationName = Release;
		};
/* End XCConfigurationList section */
	};
	rootObject = 8B6955511FA84F8000AA99D1 /* Project object */;
}
